
Microsoft Visual Studio Solution File, Format Version 12.00
# Visual Studio Version 17
VisualStudioVersion = 17.4.33103.184
MinimumVisualStudioVersion = 10.0.40219.1
Project("{FAE04EC0-301F-11D3-BF4B-00C04F79EFBC}") = "ガチャ確率計算ツール", "ガチャ確率計算ツール\ガチャ確率計算ツール.csproj", "{B5A85C26-DFCD-41C3-A0FA-B38E1A42656C}"
EndProject
Global
	GlobalSection(SolutionConfigurationPlatforms) = preSolution
		Debug|Any CPU = Debug|Any CPU
		Release|Any CPU = Release|Any CPU
	EndGlobalSection
	GlobalSection(ProjectConfigurationPlatforms) = postSolution
		{B5A85C26-DFCD-41C3-A0FA-B38E1A42656C}.Debug|Any CPU.ActiveCfg = Debug|Any CPU
		{B5A85C26-DFCD-41C3-A0FA-B38E1A42656C}.Debug|Any CPU.Build.0 = Debug|Any CPU
		{B5A85C26-DFCD-41C3-A0FA-B38E1A42656C}.Release|Any CPU.ActiveCfg = Release|Any CPU
		{B5A85C26-DFCD-41C3-A0FA-B38E1A42656C}.Release|Any CPU.Build.0 = Release|Any CPU
	EndGlobalSection
	GlobalSection(SolutionProperties) = preSolution
		HideSolutionNode = FALSE
	EndGlobalSection
	GlobalSection(ExtensibilityGlobals) = postSolution
		SolutionGuid = {3EA15B52-FEF1-4A57-B7CC-BC93EB4C030D}
	EndGlobalSection
EndGlobal
